{
  "version": 1,
  "repos": [
    {
      "name": "agent-memory",
      "remote": "lolaplex/agent-memory",
      "github": "lolaplex/agent-memory",
      "url": "https://github.com/Lolaplex/agent-memory.git",
      "path": "agent-memory",
      "branch": "main",
      "commit": "4809de8a6520e0a85abd3c8f257c8158b87006f6",
      "install": "python -m pip install -r requirements.txt",
      "update": "python -m pip install -r requirements.txt"
    }
  ]
}
